
Microsoft Visual Studio Solution File, Format Version 12.00
# Visual Studio Version 17
VisualStudioVersion = 17.13.35931.197 d17.13
MinimumVisualStudioVersion = 10.0.40219.1
Project("{FAE04EC0-301F-11D3-BF4B-00C04F79EFBC}") = "GakumasLauncher", "GakumasLauncher\GakumasLauncher.csproj", "{558D8A86-9DF0-49D9-9AF5-D79364192821}"
EndProject
Global
	GlobalSection(SolutionConfigurationPlatforms) = preSolution
		Debug|Any CPU = Debug|Any CPU
		Release|Any CPU = Release|Any CPU
	EndGlobalSection
	GlobalSection(ProjectConfigurationPlatforms) = postSolution
		{558D8A86-9DF0-49D9-9AF5-D79364192821}.Debug|Any CPU.ActiveCfg = Debug|Any CPU
		{558D8A86-9DF0-49D9-9AF5-D79364192821}.Debug|Any CPU.Build.0 = Debug|Any CPU
		{558D8A86-9DF0-49D9-9AF5-D79364192821}.Release|Any CPU.ActiveCfg = Release|Any CPU
		{558D8A86-9DF0-49D9-9AF5-D79364192821}.Release|Any CPU.Build.0 = Release|Any CPU
	EndGlobalSection
	GlobalSection(SolutionProperties) = preSolution
		HideSolutionNode = FALSE
	EndGlobalSection
	GlobalSection(ExtensibilityGlobals) = postSolution
		SolutionGuid = {005F69D0-E75A-451F-80A1-244F57DF7011}
	EndGlobalSection
EndGlobal
